// !$*UTF8*$!
{
	archiveVersion = 1;
	classes = {
	};
	objectVersion = 77;
	objects = {

/* Begin PBXBuildFile section */
		1E3CD879785EA8E6CD6FA636 /* StatusIcon.swift in Sources */ = {isa = PBXBuildFile; fileRef = A033401E92346A46CE6103B7 /* StatusIcon.swift */; };
		2B7B08B5B24A33807DED4E82 /* DeployEngine.swift in Sources */ = {isa = PBXBuildFile; fileRef = 30BC71CE991E1A25320E1CE9 /* DeployEngine.swift */; };
		32D8E850E70A35D53B7863D6 /* AppDelegate.swift in Sources */ = {isa = PBXBuildFile; fileRef = 50F128CEC831EFAF612AA4DF /* AppDelegate.swift */; };
		4481ECB7962CAD7204D47FA9 /* LaunchAtLogin.swift in Sources */ = {isa = PBXBuildFile; fileRef = 39972C1F34FB2A6B878EA246 /* LaunchAtLogin.swift */; };
		4C578D696D123194F0C5D305 /* PairAndroidView.swift in Sources */ = {isa = PBXBuildFile; fileRef = 5A25AB70480572FCB6F9429B /* PairAndroidView.swift */; };
		572318E9F9FD5E7F502D89ED /* PopoverRootView.swift in Sources */ = {isa = PBXBuildFile; fileRef = 51FAFF3261278E2222ADF955 /* PopoverRootView.swift */; };
		615140BFBA431051DAB89861 /* QuarantineHelper.swift in Sources */ = {isa = PBXBuildFile; fileRef = 8AFAFC0F65AAA722AB87AC48 /* QuarantineHelper.swift */; };
		6B7A2C9017CB6A89466595C1 /* DeviceManager.swift in Sources */ = {isa = PBXBuildFile; fileRef = 7E07FB296B50EAF16689E0FB /* DeviceManager.swift */; };
		BBE033981933AEB8E6052204 /* DeployStatusWindow.swift in Sources */ = {isa = PBXBuildFile; fileRef = 6203590A2B16EFB417E98B73 /* DeployStatusWindow.swift */; };
		CC165BF8EEAE82A96A44CE7B /* Assets.xcassets in Resources */ = {isa = PBXBuildFile; fileRef = CB9D4EBA17ACC04E8F2C9252 /* Assets.xcassets */; };
		EBC5AEB2D588C7D66EDD6716 /* ProjectScanner.swift in Sources */ = {isa = PBXBuildFile; fileRef = 224DA1247A788BDCBDE0FD63 /* ProjectScanner.swift */; };
		F490B46C416C421A1E4E265B /* DeployBarApp.swift in Sources */ = {isa = PBXBuildFile; fileRef = FED0A4A6C4E0346174AF8482 /* DeployBarApp.swift */; };
/* End PBXBuildFile section */

/* Begin PBXFileReference section */
		224DA1247A788BDCBDE0FD63 /* ProjectScanner.swift */ = {isa = PBXFileReference; lastKnownFileType = sourcecode.swift; path = ProjectScanner.swift; sourceTree = "<group>"; };
		30BC71CE991E1A25320E1CE9 /* DeployEngine.swift */ = {isa = PBXFileReference; lastKnownFileType = sourcecode.swift; path = DeployEngine.swift; sourceTree = "<group>"; };
		39972C1F34FB2A6B878EA246 /* LaunchAtLogin.swift */ = {isa = PBXFileReference; lastKnownFileType = sourcecode.swift; path = LaunchAtLogin.swift; sourceTree = "<group>"; };
		50F128CEC831EFAF612AA4DF /* AppDelegate.swift */ = {isa = PBXFileReference; lastKnownFileType = sourcecode.swift; path = AppDelegate.swift; sourceTree = "<group>"; };
		51FAFF3261278E2222ADF955 /* PopoverRootView.swift */ = {isa = PBXFileReference; lastKnownFileType = sourcecode.swift; path = PopoverRootView.swift; sourceTree = "<group>"; };
		5A25AB70480572FCB6F9429B /* PairAndroidView.swift */ = {isa = PBXFileReference; lastKnownFileType = sourcecode.swift; path = PairAndroidView.swift; sourceTree = "<group>"; };
		6203590A2B16EFB417E98B73 /* DeployStatusWindow.swift */ = {isa = PBXFileReference; lastKnownFileType = sourcecode.swift; path = DeployStatusWindow.swift; sourceTree = "<group>"; };
		7E07FB296B50EAF16689E0FB /* DeviceManager.swift */ = {isa = PBXFileReference; lastKnownFileType = sourcecode.swift; path = DeviceManager.swift; sourceTree = "<group>"; };
		8A5455E1C4EB61240DA56365 /* Info.plist */ = {isa = PBXFileReference; lastKnownFileType = text.plist; path = Info.plist; sourceTree = "<group>"; };
		8AFAFC0F65AAA722AB87AC48 /* QuarantineHelper.swift */ = {isa = PBXFileReference; lastKnownFileType = sourcecode.swift; path = QuarantineHelper.swift; sourceTree = "<group>"; };
		A033401E92346A46CE6103B7 /* StatusIcon.swift */ = {isa = PBXFileReference; lastKnownFileType = sourcecode.swift; path = StatusIcon.swift; sourceTree = "<group>"; };
		CB9D4EBA17ACC04E8F2C9252 /* Assets.xcassets */ = {isa = PBXFileReference; lastKnownFileType = folder.assetcatalog; path = Assets.xcassets; sourceTree = "<group>"; };
		DD43A2A6C53DEA9D5514D087 /* DeployBar.app */ = {isa = PBXFileReference; explicitFileType = wrapper.application; includeInIndex = 0; path = DeployBar.app; sourceTree = BUILT_PRODUCTS_DIR; };
		FED0A4A6C4E0346174AF8482 /* DeployBarApp.swift */ = {isa = PBXFileReference; lastKnownFileType = sourcecode.swift; path = DeployBarApp.swift; sourceTree = "<group>"; };
/* End PBXFileReference section */

/* Begin PBXGroup section */
		1B41EF9D349B18CCFCE1EBAB = {
			isa = PBXGroup;
			children = (
				E4FD0830EAB7EE2E73D26996 /* DeployBar */,
				65A8390B4450963738E8F560 /* Products */,
			);
			sourceTree = "<group>";
		};
		65A8390B4450963738E8F560 /* Products */ = {
			isa = PBXGroup;
			children = (
				DD43A2A6C53DEA9D5514D087 /* DeployBar.app */,
			);
			name = Products;
			sourceTree = "<group>";
		};
		E4FD0830EAB7EE2E73D26996 /* DeployBar */ = {
			isa = PBXGroup;
			children = (
				50F128CEC831EFAF612AA4DF /* AppDelegate.swift */,
				CB9D4EBA17ACC04E8F2C9252 /* Assets.xcassets */,
				FED0A4A6C4E0346174AF8482 /* DeployBarApp.swift */,
				30BC71CE991E1A25320E1CE9 /* DeployEngine.swift */,
				6203590A2B16EFB417E98B73 /* DeployStatusWindow.swift */,
				7E07FB296B50EAF16689E0FB /* DeviceManager.swift */,
				8A5455E1C4EB61240DA56365 /* Info.plist */,
				39972C1F34FB2A6B878EA246 /* LaunchAtLogin.swift */,
				5A25AB70480572FCB6F9429B /* PairAndroidView.swift */,
				51FAFF3261278E2222ADF955 /* PopoverRootView.swift */,
				224DA1247A788BDCBDE0FD63 /* ProjectScanner.swift */,
				8AFAFC0F65AAA722AB87AC48 /* QuarantineHelper.swift */,
				A033401E92346A46CE6103B7 /* StatusIcon.swift */,
			);
			path = DeployBar;
			sourceTree = "<group>";
		};
/* End PBXGroup section */

/* Begin PBXNativeTarget section */
		F7093A706C16CAF06473EC86 /* DeployBar */ = {
			isa = PBXNativeTarget;
			buildConfigurationList = 606CF53741F937BF6C070B6C /* Build configuration list for PBXNativeTarget "DeployBar" */;
			buildPhases = (
				5FC02FD7E19FBAEE85E2A354 /* Sources */,
				785FFEAED22A10D0231F35B0 /* Resources */,
			);
			buildRules = (
			);
			dependencies = (
			);
			name = DeployBar;
			packageProductDependencies = (
			);
			productName = DeployBar;
			productReference = DD43A2A6C53DEA9D5514D087 /* DeployBar.app */;
			productType = "com.apple.product-type.application";
		};
/* End PBXNativeTarget section */

/* Begin PBXProject section */
		CEFDCD51BD5695E365B54CD3 /* Project object */ = {
			isa = PBXProject;
			attributes = {
				BuildIndependentTargetsInParallel = YES;
				LastUpgradeCheck = 1430;
				TargetAttributes = {
					F7093A706C16CAF06473EC86 = {
						DevelopmentTeam = PH63999XMX;
						ProvisioningStyle = Automatic;
					};
				};
			};
			buildConfigurationList = B746D0232D5BDFBA21595CA0 /* Build configuration list for PBXProject "DeployBar" */;
			developmentRegion = en;
			hasScannedForEncodings = 0;
			knownRegions = (
				Base,
				en,
			);
			mainGroup = 1B41EF9D349B18CCFCE1EBAB;
			minimizedProjectReferenceProxies = 1;
			preferredProjectObjectVersion = 77;
			productRefGroup = 65A8390B4450963738E8F560 /* Products */;
			projectDirPath = "";
			projectRoot = "";
			targets = (
				F7093A706C16CAF06473EC86 /* DeployBar */,
			);
		};
/* End PBXProject section */

/* Begin PBXResourcesBuildPhase section */
		785FFEAED22A10D0231F35B0 /* Resources */ = {
			isa = PBXResourcesBuildPhase;
			buildActionMask = 2147483647;
			files = (
				CC165BF8EEAE82A96A44CE7B /* Assets.xcassets in Resources */,
			);
			runOnlyForDeploymentPostprocessing = 0;
		};
/* End PBXResourcesBuildPhase section */

/* Begin PBXSourcesBuildPhase section */
		5FC02FD7E19FBAEE85E2A354 /* Sources */ = {
			isa = PBXSourcesBuildPhase;
			buildActionMask = 2147483647;
			files = (
				32D8E850E70A35D53B7863D6 /* AppDelegate.swift in Sources */,
				F490B46C416C421A1E4E265B /* DeployBarApp.swift in Sources */,
				2B7B08B5B24A33807DED4E82 /* DeployEngine.swift in Sources */,
				BBE033981933AEB8E6052204 /* DeployStatusWindow.swift in Sources */,
				6B7A2C9017CB6A89466595C1 /* DeviceManager.swift in Sources */,
				4481ECB7962CAD7204D47FA9 /* LaunchAtLogin.swift in Sources */,
				4C578D696D123194F0C5D305 /* PairAndroidView.swift in Sources */,
				572318E9F9FD5E7F502D89ED /* PopoverRootView.swift in Sources */,
				EBC5AEB2D588C7D66EDD6716 /* ProjectScanner.swift in Sources */,
				615140BFBA431051DAB89861 /* QuarantineHelper.swift in Sources */,
				1E3CD879785EA8E6CD6FA636 /* StatusIcon.swift in Sources */,
			);
			runOnlyForDeploymentPostprocessing = 0;
		};
/* End PBXSourcesBuildPhase section */

/* Begin XCBuildConfiguration section */
		384F3C0A005A3BA69669AF9E /* Debug */ = {
			isa = XCBuildConfiguration;
			buildSettings = {
				ALWAYS_SEARCH_USER_PATHS = NO;
				CLANG_ANALYZER_NONNULL = YES;
				CLANG_ANALYZER_NUMBER_OBJECT_CONVERSION = YES_AGGRESSIVE;
				CLANG_CXX_LANGUAGE_STANDARD = "gnu++14";
				CLANG_CXX_LIBRARY = "libc++";
				CLANG_ENABLE_MODULES = YES;
				CLANG_ENABLE_OBJC_ARC = YES;
				CLANG_ENABLE_OBJC_WEAK = YES;
				CLANG_WARN_BLOCK_CAPTURE_AUTORELEASING = YES;
				CLANG_WARN_BOOL_CONVERSION = YES;
				CLANG_WARN_COMMA = YES;
				CLANG_WARN_CONSTANT_CONVERSION = YES;
				CLANG_WARN_DEPRECATED_OBJC_IMPLEMENTATIONS = YES;
				CLANG_WARN_DIRECT_OBJC_ISA_USAGE = YES_ERROR;
				CLANG_WARN_DOCUMENTATION_COMMENTS = YES;
				CLANG_WARN_EMPTY_BODY = YES;
				CLANG_WARN_ENUM_CONVERSION = YES;
				CLANG_WARN_INFINITE_RECURSION = YES;
				CLANG_WARN_INT_CONVERSION = YES;
				CLANG_WARN_NON_LITERAL_NULL_CONVERSION = YES;
				CLANG_WARN_OBJC_IMPLICIT_RETAIN_SELF = YES;
				CLANG_WARN_OBJC_LITERAL_CONVERSION = YES;
				CLANG_WARN_OBJC_ROOT_CLASS = YES_ERROR;
				CLANG_WARN_QUOTED_INCLUDE_IN_FRAMEWORK_HEADER = YES;
				CLANG_WARN_RANGE_LOOP_ANALYSIS = YES;
				CLANG_WARN_STRICT_PROTOTYPES = YES;
				CLANG_WARN_SUSPICIOUS_MOVE = YES;
				CLANG_WARN_UNGUARDED_AVAILABILITY = YES_AGGRESSIVE;
				CLANG_WARN_UNREACHABLE_CODE = YES;
				CLANG_WARN__DUPLICATE_METHOD_MATCH = YES;
				CODE_SIGN_STYLE = Automatic;
				COPY_PHASE_STRIP = NO;
				CURRENT_PROJECT_VERSION = 1;
				DEBUG_INFORMATION_FORMAT = dwarf;
				DEVELOPMENT_TEAM = PH63999XMX;
				ENABLE_STRICT_OBJC_MSGSEND = YES;
				ENABLE_TESTABILITY = YES;
				GCC_C_LANGUAGE_STANDARD = gnu11;
				GCC_DYNAMIC_NO_PIC = NO;
				GCC_NO_COMMON_BLOCKS = YES;
				GCC_OPTIMIZATION_LEVEL = 0;
				GCC_PREPROCESSOR_DEFINITIONS = (
					"$(inherited)",
					"DEBUG=1",
				);
				GCC_WARN_64_TO_32_BIT_CONVERSION = YES;
				GCC_WARN_ABOUT_RETURN_TYPE = YES_ERROR;
				GCC_WARN_UNDECLARED_SELECTOR = YES;
				GCC_WARN_UNINITIALIZED_AUTOS = YES_AGGRESSIVE;
				GCC_WARN_UNUSED_FUNCTION = YES;
				GCC_WARN_UNUSED_VARIABLE = YES;
				MACOSX_DEPLOYMENT_TARGET = 14.0;
				MARKETING_VERSION = 1.0;
				MTL_ENABLE_DEBUG_INFO = INCLUDE_SOURCE;
				MTL_FAST_MATH = YES;
				ONLY_ACTIVE_ARCH = YES;
				PRODUCT_NAME = "$(TARGET_NAME)";
				SDKROOT = macosx;
				SWIFT_ACTIVE_COMPILATION_CONDITIONS = DEBUG;
				SWIFT_OPTIMIZATION_LEVEL = "-Onone";
				SWIFT_VERSION = 5.9;
			};
			name = Debug;
		};
		AD7F1AD990ED0BA62268BF59 /* Debug */ = {
			isa = XCBuildConfiguration;
			buildSettings = {
				ARCHS = "$(ARCHS_STANDARD)";
				ASSETCATALOG_COMPILER_APPICON_NAME = AppIcon;
				COMBINE_HIDPI_IMAGES = YES;
				ENABLE_HARDENED_RUNTIME = YES;
				GENERATE_INFOPLIST_FILE = NO;
				INFOPLIST_FILE = DeployBar/Info.plist;
				LD_RUNPATH_SEARCH_PATHS = (
					"$(inherited)",
					"@executable_path/../Frameworks",
				);
				PRODUCT_BUNDLE_IDENTIFIER = com.salesforza.deploybar;
				SDKROOT = macosx;
			};
			name = Debug;
		};
		DE392AF6A6C68BAFD2A4EF9D /* Release */ = {
			isa = XCBuildConfiguration;
			buildSettings = {
				ARCHS = "$(ARCHS_STANDARD)";
				ASSETCATALOG_COMPILER_APPICON_NAME = AppIcon;
				COMBINE_HIDPI_IMAGES = YES;
				ENABLE_HARDENED_RUNTIME = YES;
				GENERATE_INFOPLIST_FILE = NO;
				INFOPLIST_FILE = DeployBar/Info.plist;
				LD_RUNPATH_SEARCH_PATHS = (
					"$(inherited)",
					"@executable_path/../Frameworks",
				);
				PRODUCT_BUNDLE_IDENTIFIER = com.salesforza.deploybar;
				SDKROOT = macosx;
			};
			name = Release;
		};
		FB6959C5A1DB7C22564237F0 /* Release */ = {
			isa = XCBuildConfiguration;
			buildSettings = {
				ALWAYS_SEARCH_USER_PATHS = NO;
				CLANG_ANALYZER_NONNULL = YES;
				CLANG_ANALYZER_NUMBER_OBJECT_CONVERSION = YES_AGGRESSIVE;
				CLANG_CXX_LANGUAGE_STANDARD = "gnu++14";
				CLANG_CXX_LIBRARY = "libc++";
				CLANG_ENABLE_MODULES = YES;
				CLANG_ENABLE_OBJC_ARC = YES;
				CLANG_ENABLE_OBJC_WEAK = YES;
				CLANG_WARN_BLOCK_CAPTURE_AUTORELEASING = YES;
				CLANG_WARN_BOOL_CONVERSION = YES;
				CLANG_WARN_COMMA = YES;
				CLANG_WARN_CONSTANT_CONVERSION = YES;
				CLANG_WARN_DEPRECATED_OBJC_IMPLEMENTATIONS = YES;
				CLANG_WARN_DIRECT_OBJC_ISA_USAGE = YES_ERROR;
				CLANG_WARN_DOCUMENTATION_COMMENTS = YES;
				CLANG_WARN_EMPTY_BODY = YES;
				CLANG_WARN_ENUM_CONVERSION = YES;
				CLANG_WARN_INFINITE_RECURSION = YES;
				CLANG_WARN_INT_CONVERSION = YES;
				CLANG_WARN_NON_LITERAL_NULL_CONVERSION = YES;
				CLANG_WARN_OBJC_IMPLICIT_RETAIN_SELF = YES;
				CLANG_WARN_OBJC_LITERAL_CONVERSION = YES;
				CLANG_WARN_OBJC_ROOT_CLASS = YES_ERROR;
				CLANG_WARN_QUOTED_INCLUDE_IN_FRAMEWORK_HEADER = YES;
				CLANG_WARN_RANGE_LOOP_ANALYSIS = YES;
				CLANG_WARN_STRICT_PROTOTYPES = YES;
				CLANG_WARN_SUSPICIOUS_MOVE = YES;
				CLANG_WARN_UNGUARDED_AVAILABILITY = YES_AGGRESSIVE;
				CLANG_WARN_UNREACHABLE_CODE = YES;
				CLANG_WARN__DUPLICATE_METHOD_MATCH = YES;
				CODE_SIGN_STYLE = Automatic;
				COPY_PHASE_STRIP = NO;
				CURRENT_PROJECT_VERSION = 1;
				DEBUG_INFORMATION_FORMAT = "dwarf-with-dsym";
				DEVELOPMENT_TEAM = PH63999XMX;
				ENABLE_NS_ASSERTIONS = NO;
				ENABLE_STRICT_OBJC_MSGSEND = YES;
				GCC_C_LANGUAGE_STANDARD = gnu11;
				GCC_NO_COMMON_BLOCKS = YES;
				GCC_WARN_64_TO_32_BIT_CONVERSION = YES;
				GCC_WARN_ABOUT_RETURN_TYPE = YES_ERROR;
				GCC_WARN_UNDECLARED_SELECTOR = YES;
				GCC_WARN_UNINITIALIZED_AUTOS = YES_AGGRESSIVE;
				GCC_WARN_UNUSED_FUNCTION = YES;
				GCC_WARN_UNUSED_VARIABLE = YES;
				MACOSX_DEPLOYMENT_TARGET = 14.0;
				MARKETING_VERSION = 1.0;
				MTL_ENABLE_DEBUG_INFO = NO;
				MTL_FAST_MATH = YES;
				PRODUCT_NAME = "$(TARGET_NAME)";
				SDKROOT = macosx;
				SWIFT_COMPILATION_MODE = wholemodule;
				SWIFT_OPTIMIZATION_LEVEL = "-O";
				SWIFT_VERSION = 5.9;
			};
			name = Release;
		};
/* End XCBuildConfiguration section */

/* Begin XCConfigurationList section */
		606CF53741F937BF6C070B6C /* Build configuration list for PBXNativeTarget "DeployBar" */ = {
			isa = XCConfigurationList;
			buildConfigurations = (
				AD7F1AD990ED0BA62268BF59 /* Debug */,
				DE392AF6A6C68BAFD2A4EF9D /* Release */,
			);
			defaultConfigurationIsVisible = 0;
			defaultConfigurationName = Debug;
		};
		B746D0232D5BDFBA21595CA0 /* Build configuration list for PBXProject "DeployBar" */ = {
			isa = XCConfigurationList;
			buildConfigurations = (
				384F3C0A005A3BA69669AF9E /* Debug */,
				FB6959C5A1DB7C22564237F0 /* Release */,
			);
			defaultConfigurationIsVisible = 0;
			defaultConfigurationName = Debug;
		};
/* End XCConfigurationList section */
	};
	rootObject = CEFDCD51BD5695E365B54CD3 /* Project object */;
}
